schema: '2.0'
stages:
  load_data:
    cmd: poetry run python src/load_data.py /Users/rich/Documents/mlops_clase/demo_mlops/data/raw/WineQT.csv
      data/processed/train_test_data.csv
    deps:
    - path: data/raw/WineQT.csv
      hash: md5
      md5: e2e57e4c41e6ee0213fb12e5a70f4bfb
      size: 78057
    - path: src/load_data.py
      hash: md5
      md5: 15d3c61eadef21fe67f4183e407766c0
      size: 249
    outs:
    - path: data/processed/train_test_data.csv
      hash: md5
      md5: 1bf27115ca1b562b4af5aee84fe0e39d
      size: 71826
  preprocess:
    cmd: poetry run python src/preprocess_data.py data/processed/train_test_data.csv
      data/processed/X_train.csv data/processed/X_test.csv data/processed/y_train.csv
      data/processed/y_test.csv
    deps:
    - path: data/processed/train_test_data.csv
      hash: md5
      md5: 1bf27115ca1b562b4af5aee84fe0e39d
      size: 71826
    - path: src/preprocess_data.py
      hash: md5
      md5: 15810eda668d6574a4294b3c60c1f9ab
      size: 1086
    outs:
    - path: data/processed/X_test.csv
      hash: md5
      md5: ba121943f06a8872a705b01be0462fb7
      size: 81135
    - path: data/processed/X_train.csv
      hash: md5
      md5: 924026f2860ec0c1bca51a171f51ff2d
      size: 189449
    - path: data/processed/y_test.csv
      hash: md5
      md5: e928e6ab7825de60a95ab31a8aac96a6
      size: 694
    - path: data/processed/y_train.csv
      hash: md5
      md5: aa0bedad677415f70990b26268996aeb
      size: 1608
  train:
    cmd: poetry run python src/train.py data/processed/X_train.csv data/processed/y_train.csv
      models/model.pkl
    deps:
    - path: data/processed/X_train.csv
      hash: md5
      md5: 924026f2860ec0c1bca51a171f51ff2d
      size: 189449
    - path: data/processed/y_train.csv
      hash: md5
      md5: aa0bedad677415f70990b26268996aeb
      size: 1608
    - path: src/train.py
      hash: md5
      md5: ac94a7ed853eb82d57a0819c97af4bef
      size: 542
    outs:
    - path: models/model.pkl
      hash: md5
      md5: e8f1b9cbc4144df7caf0fab09d27054f
      size: 1815
  evaluate:
    cmd: poetry run python src/evaluate.py models/model.pkl data/processed/X_test.csv
      data/processed/y_test.csv
    deps:
    - path: data/processed/X_test.csv
      hash: md5
      md5: ba121943f06a8872a705b01be0462fb7
      size: 81135
    - path: data/processed/y_test.csv
      hash: md5
      md5: e928e6ab7825de60a95ab31a8aac96a6
      size: 694
    - path: models/model.pkl
      hash: md5
      md5: e8f1b9cbc4144df7caf0fab09d27054f
      size: 1815
    - path: src/evaluate.py
      hash: md5
      md5: 41dd65c05a12f9872921f65eb81a73dd
      size: 600
